PODS:
  - Charts (3.6.0):
    - Charts/Core (= 3.6.0)
  - Charts/Core (3.6.0)
  - IQKeyboardManagerSwift (6.5.6)
  - SwiftyJSON (4.3.0)

DEPENDENCIES:
  - Charts
  - IQKeyboardManagerSwift (= 6.5.6)
  - SwiftyJSON (~> 4.0)

SPEC REPOS:
  trunk:
    - Charts
    - IQKeyboardManagerSwift
    - SwiftyJSON

SPEC CHECKSUMS:
  Charts: b1e3a1f5a1c9ba5394438ca3b91bd8c9076310af
  IQKeyboardManagerSwift: c7df9d2deb356c04522f5c4b7b6e4ce4d8ed94fe
  SwiftyJSON: 6faa0040f8b59dead0ee07436cbf76b73c08fd08

PODFILE CHECKSUM: 313bbda1235e64bfe31999e5d905d3c55413ce75

COCOAPODS: 1.11.2
